
Microsoft Visual Studio Solution File, Format Version 12.00
# Visual Studio Version 16
VisualStudioVersion = 16.0.30717.126
MinimumVisualStudioVersion = 10.0.40219.1
Project("{FAE04EC0-301F-11D3-BF4B-00C04F79EFBC}") = "FatihBlog", "FatihBlog\FatihBlog.csproj", "{A83CCEAA-A32F-410E-89DB-3AADCF7A6DB6}"
EndProject
Global
	GlobalSection(SolutionConfigurationPlatforms) = preSolution
		Debug|Any CPU = Debug|Any CPU
		Release|Any CPU = Release|Any CPU
	EndGlobalSection
	GlobalSection(ProjectConfigurationPlatforms) = postSolution
		{A83CCEAA-A32F-410E-89DB-3AADCF7A6DB6}.Debug|Any CPU.ActiveCfg = Debug|Any CPU
		{A83CCEAA-A32F-410E-89DB-3AADCF7A6DB6}.Debug|Any CPU.Build.0 = Debug|Any CPU
		{A83CCEAA-A32F-410E-89DB-3AADCF7A6DB6}.Release|Any CPU.ActiveCfg = Release|Any CPU
		{A83CCEAA-A32F-410E-89DB-3AADCF7A6DB6}.Release|Any CPU.Build.0 = Release|Any CPU
	EndGlobalSection
	GlobalSection(SolutionProperties) = preSolution
		HideSolutionNode = FALSE
	EndGlobalSection
	GlobalSection(ExtensibilityGlobals) = postSolution
		SolutionGuid = {8D1A6290-E2DD-454E-81EE-ABA1CD5BA0C1}
	EndGlobalSection
EndGlobal
